
Microsoft Visual Studio Solution File, Format Version 12.00
# Visual Studio 14
VisualStudioVersion = 14.0.25420.1
MinimumVisualStudioVersion = 10.0.40219.1
Project("{D2ABAB84-BF74-430A-B69E-9DC6D40DDA17}") = "FinalProjectFinalversion", "FinalProjectFinalversion\FinalProjectFinalversion.dwproj", "{986FCB2F-E02E-40A3-8168-D2ABB28C4DE1}"
EndProject
Global
	GlobalSection(SolutionConfigurationPlatforms) = preSolution
		Development|Default = Development|Default
	EndGlobalSection
	GlobalSection(ProjectConfigurationPlatforms) = postSolution
		{986FCB2F-E02E-40A3-8168-D2ABB28C4DE1}.Development|Default.ActiveCfg = Development
		{986FCB2F-E02E-40A3-8168-D2ABB28C4DE1}.Development|Default.Build.0 = Development
		{986FCB2F-E02E-40A3-8168-D2ABB28C4DE1}.Development|Default.Deploy.0 = Development
	EndGlobalSection
	GlobalSection(SolutionProperties) = preSolution
		HideSolutionNode = FALSE
	EndGlobalSection
EndGlobal
